
Microsoft Visual Studio Solution File, Format Version 12.00
# Visual Studio Version 17
VisualStudioVersion = 17.0.31912.275
MinimumVisualStudioVersion = 10.0.40219.1
Project("{FAE04EC0-301F-11D3-BF4B-00C04F79EFBC}") = "StageMVC", "StageMVC\StageMVC.csproj", "{F7F0729F-6DE7-40A0-B78B-9FA6FECCA572}"
EndProject
Project("{FAE04EC0-301F-11D3-BF4B-00C04F79EFBC}") = "StageLib", "StageLib\StageLib.csproj", "{068EE3C3-BAD5-4D99-B4ED-FA9E81B5EF30}"
EndProject
Global
	GlobalSection(SolutionConfigurationPlatforms) = preSolution
		Debug|Any CPU = Debug|Any CPU
		Release|Any CPU = Release|Any CPU
	EndGlobalSection
	GlobalSection(ProjectConfigurationPlatforms) = postSolution
		{F7F0729F-6DE7-40A0-B78B-9FA6FECCA572}.Debug|Any CPU.ActiveCfg = Debug|Any CPU
		{F7F0729F-6DE7-40A0-B78B-9FA6FECCA572}.Debug|Any CPU.Build.0 = Debug|Any CPU
		{F7F0729F-6DE7-40A0-B78B-9FA6FECCA572}.Release|Any CPU.ActiveCfg = Release|Any CPU
		{F7F0729F-6DE7-40A0-B78B-9FA6FECCA572}.Release|Any CPU.Build.0 = Release|Any CPU
		{068EE3C3-BAD5-4D99-B4ED-FA9E81B5EF30}.Debug|Any CPU.ActiveCfg = Debug|Any CPU
		{068EE3C3-BAD5-4D99-B4ED-FA9E81B5EF30}.Debug|Any CPU.Build.0 = Debug|Any CPU
		{068EE3C3-BAD5-4D99-B4ED-FA9E81B5EF30}.Release|Any CPU.ActiveCfg = Release|Any CPU
		{068EE3C3-BAD5-4D99-B4ED-FA9E81B5EF30}.Release|Any CPU.Build.0 = Release|Any CPU
	EndGlobalSection
	GlobalSection(SolutionProperties) = preSolution
		HideSolutionNode = FALSE
	EndGlobalSection
	GlobalSection(ExtensibilityGlobals) = postSolution
		SolutionGuid = {F9C1C88B-C1E1-4B62-8D4F-498238B18BDF}
	EndGlobalSection
EndGlobal
